
Microsoft Visual Studio Solution File, Format Version 12.00
# Visual Studio Version 17
VisualStudioVersion = 17.2.32630.192
MinimumVisualStudioVersion = 10.0.40219.1
Project("{9A19103F-16F7-4668-BE54-9A1E7A4F7556}") = "Pizza UML2", "Pizza UML2.csproj", "{BB156411-1735-4BCF-A4EE-FD5B8BA87BFE}"
EndProject
Global
	GlobalSection(SolutionConfigurationPlatforms) = preSolution
		Debug|Any CPU = Debug|Any CPU
		Release|Any CPU = Release|Any CPU
	EndGlobalSection
	GlobalSection(ProjectConfigurationPlatforms) = postSolution
		{BB156411-1735-4BCF-A4EE-FD5B8BA87BFE}.Debug|Any CPU.ActiveCfg = Debug|Any CPU
		{BB156411-1735-4BCF-A4EE-FD5B8BA87BFE}.Debug|Any CPU.Build.0 = Debug|Any CPU
		{BB156411-1735-4BCF-A4EE-FD5B8BA87BFE}.Release|Any CPU.ActiveCfg = Release|Any CPU
		{BB156411-1735-4BCF-A4EE-FD5B8BA87BFE}.Release|Any CPU.Build.0 = Release|Any CPU
	EndGlobalSection
	GlobalSection(SolutionProperties) = preSolution
		HideSolutionNode = FALSE
	EndGlobalSection
	GlobalSection(ExtensibilityGlobals) = postSolution
		SolutionGuid = {4D808507-584E-4AFD-9B0A-77023C6B5AAC}
	EndGlobalSection
EndGlobal
